
Microsoft Visual Studio Solution File, Format Version 12.00
# Visual Studio Version 16
VisualStudioVersion = 16.0.810.21
MinimumVisualStudioVersion = 10.0.40219.1
Project("{FAE04EC0-301F-11D3-BF4B-00C04F79EFBC}") = "VehicleDataApi", "VehicleDataApi\VehicleDataApi.csproj", "{CADCF14F-7CBD-45F0-9505-EA6C2C1A6EA4}"
EndProject
Global
	GlobalSection(SolutionConfigurationPlatforms) = preSolution
		Debug|Any CPU = Debug|Any CPU
		Release|Any CPU = Release|Any CPU
	EndGlobalSection
	GlobalSection(ProjectConfigurationPlatforms) = postSolution
		{CADCF14F-7CBD-45F0-9505-EA6C2C1A6EA4}.Debug|Any CPU.ActiveCfg = Debug|Any CPU
		{CADCF14F-7CBD-45F0-9505-EA6C2C1A6EA4}.Debug|Any CPU.Build.0 = Debug|Any CPU
		{CADCF14F-7CBD-45F0-9505-EA6C2C1A6EA4}.Release|Any CPU.ActiveCfg = Release|Any CPU
		{CADCF14F-7CBD-45F0-9505-EA6C2C1A6EA4}.Release|Any CPU.Build.0 = Release|Any CPU
	EndGlobalSection
	GlobalSection(SolutionProperties) = preSolution
		HideSolutionNode = FALSE
	EndGlobalSection
	GlobalSection(ExtensibilityGlobals) = postSolution
		SolutionGuid = {3F1CD9AB-0050-44B9-8E5E-EAE5C478BBB6}
	EndGlobalSection
EndGlobal
